<Solution>
  <Folder Name="/src/" />
  <Folder Name="/src/Host/">
    <Project Path="src/Host/OpenDealer360.Host.csproj" />
  </Folder>
  <Folder Name="/src/Modules/" />
  <Folder Name="/src/Modules/Identity/">
    <Project Path="src/Modules/Identity/OpenDealer360.Modules.Identity.csproj" />
  </Folder>
  <Folder Name="/src/Modules/Organization/">
    <Project Path="src/Modules/Organization/OpenDealer360.Modules.Organization.csproj" />
  </Folder>
  <Folder Name="/src/Tenancy/">
    <Project Path="src/Tenancy/OpenDealer360.Tenancy.csproj" />
  </Folder>
  <Folder Name="/src/Core/">
    <Project Path="src/Core/OpenDealer360.Core.csproj" />
  </Folder>
  <Folder Name="/tests/" />
  <Folder Name="/tests/Architecture/">
    <Project Path="tests/Architecture/OpenDealer360.ArchitectureTests.csproj" />
  </Folder>
  <Folder Name="/tests/Integration/">
    <Project Path="tests/Integration/OpenDealer360.IntegrationTests.csproj" />
  </Folder>
</Solution>
