<Solution>
  <Folder Name="/src/">
    <Project Path="src/Core/Core.csproj" />
    <Project Path="src/Identity/Identity.csproj" />
    <Project Path="src/App/App.csproj" />
  </Folder>
  <Folder Name="/tests/">
    <Project Path="tests/Unit/Unit.Tests.csproj" />
    <Project Path="tests/Integration/IntegrationTests.csproj" />
    <Project Path="tests/Architecture/ArchitectureTests.csproj" />
  </Folder>
</Solution>
