<Solution>
  <Folder Name="/src/" />
  <Folder Name="/src/Host/">
    <Project Path="src/Host/Host.csproj" />
  </Folder>
  <Folder Name="/src/Modules/" />
  <Folder Name="/src/Modules/Identity/">
    <Project Path="src/Modules/Identity/Identity.csproj" />
  </Folder>
  <Folder Name="/src/Modules/Organization/">
    <Project Path="src/Modules/Organization/Organization.csproj" />
  </Folder>
  <Folder Name="/src/Tenancy/">
    <Project Path="src/Tenancy/Tenancy.csproj" />
  </Folder>
  <Folder Name="/src/Core/">
    <Project Path="src/Core/Core.csproj" />
  </Folder>
  <Folder Name="/tests/" />
  <Folder Name="/tests/Architecture/">
    <Project Path="tests/Architecture/ArchitectureTests.csproj" />
  </Folder>
  <Folder Name="/tests/Integration/">
    <Project Path="tests/Integration/IntegrationTests.csproj" />
  </Folder>
</Solution>
